
Microsoft Visual Studio Solution File, Format Version 12.00
# Visual Studio Version 17
VisualStudioVersion = 17.6.33723.286
MinimumVisualStudioVersion = 10.0.40219.1
Project("{9A19103F-16F7-4668-BE54-9A1E7A4F7556}") = "SingleThread", "SingleThread\SingleThread.csproj", "{6348721A-8F5E-4143-84B0-07EBDACD4D23}"
EndProject
Project("{9A19103F-16F7-4668-BE54-9A1E7A4F7556}") = "MutilThreadWithThreadPool", "MutilThread\MutilThreadWithThreadPool.csproj", "{4E42B0FA-B1EE-4E0A-BCDE-314695B1D376}"
EndProject
Project("{FAE04EC0-301F-11D3-BF4B-00C04F79EFBC}") = "MutilThreadWithBackgroundWorker", "MutilThreadWithBackgroundWorker\MutilThreadWithBackgroundWorker.csproj", "{D902DF64-581C-46F3-A68E-8DEBC9CF03F0}"
EndProject
Global
	GlobalSection(SolutionConfigurationPlatforms) = preSolution
		Debug|Any CPU = Debug|Any CPU
		Release|Any CPU = Release|Any CPU
	EndGlobalSection
	GlobalSection(ProjectConfigurationPlatforms) = postSolution
		{6348721A-8F5E-4143-84B0-07EBDACD4D23}.Debug|Any CPU.ActiveCfg = Debug|Any CPU
		{6348721A-8F5E-4143-84B0-07EBDACD4D23}.Debug|Any CPU.Build.0 = Debug|Any CPU
		{6348721A-8F5E-4143-84B0-07EBDACD4D23}.Release|Any CPU.ActiveCfg = Release|Any CPU
		{6348721A-8F5E-4143-84B0-07EBDACD4D23}.Release|Any CPU.Build.0 = Release|Any CPU
		{4E42B0FA-B1EE-4E0A-BCDE-314695B1D376}.Debug|Any CPU.ActiveCfg = Debug|Any CPU
		{4E42B0FA-B1EE-4E0A-BCDE-314695B1D376}.Debug|Any CPU.Build.0 = Debug|Any CPU
		{4E42B0FA-B1EE-4E0A-BCDE-314695B1D376}.Release|Any CPU.ActiveCfg = Release|Any CPU
		{4E42B0FA-B1EE-4E0A-BCDE-314695B1D376}.Release|Any CPU.Build.0 = Release|Any CPU
		{D902DF64-581C-46F3-A68E-8DEBC9CF03F0}.Debug|Any CPU.ActiveCfg = Debug|Any CPU
		{D902DF64-581C-46F3-A68E-8DEBC9CF03F0}.Debug|Any CPU.Build.0 = Debug|Any CPU
		{D902DF64-581C-46F3-A68E-8DEBC9CF03F0}.Release|Any CPU.ActiveCfg = Release|Any CPU
		{D902DF64-581C-46F3-A68E-8DEBC9CF03F0}.Release|Any CPU.Build.0 = Release|Any CPU
	EndGlobalSection
	GlobalSection(SolutionProperties) = preSolution
		HideSolutionNode = FALSE
	EndGlobalSection
	GlobalSection(ExtensibilityGlobals) = postSolution
		SolutionGuid = {85599948-5B73-4314-87EE-8FB969066214}
	EndGlobalSection
EndGlobal
